// !$*UTF8*$!
{
	archiveVersion = 1;
	classes = {
	};
	objectVersion = 50;
	objects = {

/* Begin PBXBuildFile section */
		EE376FEE285BE0AA00A77450 /* AppDelegate.swift in Sources */ = {isa = PBXBuildFile; fileRef = EE376FED285BE0AA00A77450 /* AppDelegate.swift */; };
		EE376FF0285BE0AA00A77450 /* SceneDelegate.swift in Sources */ = {isa = PBXBuildFile; fileRef = EE376FEF285BE0AA00A77450 /* SceneDelegate.swift */; };
		EE376FF2285BE0AA00A77450 /* ListaPokemonViewController.swift in Sources */ = {isa = PBXBuildFile; fileRef = EE376FF1285BE0AA00A77450 /* ListaPokemonViewController.swift */; };
		EE376FF5285BE0AA00A77450 /* Main.storyboard in Resources */ = {isa = PBXBuildFile; fileRef = EE376FF3285BE0AA00A77450 /* Main.storyboard */; };
		EE376FF7285BE0B500A77450 /* Assets.xcassets in Resources */ = {isa = PBXBuildFile; fileRef = EE376FF6285BE0B500A77450 /* Assets.xcassets */; };
		EE376FFA285BE0B500A77450 /* LaunchScreen.storyboard in Resources */ = {isa = PBXBuildFile; fileRef = EE376FF8285BE0B500A77450 /* LaunchScreen.storyboard */; };
		EE377005285C382700A77450 /* PokemonManager.swift in Sources */ = {isa = PBXBuildFile; fileRef = EE377004285C382700A77450 /* PokemonManager.swift */; };
		EE377008285C38E300A77450 /* DatosPokemon.swift in Sources */ = {isa = PBXBuildFile; fileRef = EE377007285C38E300A77450 /* DatosPokemon.swift */; };
		EE3E896B285D9A8C00DF53A1 /* DetallePokemonViewController.swift in Sources */ = {isa = PBXBuildFile; fileRef = EE3E896A285D9A8C00DF53A1 /* DetallePokemonViewController.swift */; };
		EEDB3F84285C477300809892 /* CeldaPokemonTableViewCell.swift in Sources */ = {isa = PBXBuildFile; fileRef = EEDB3F82285C477300809892 /* CeldaPokemonTableViewCell.swift */; };
		EEDB3F85285C477300809892 /* CeldaPokemonTableViewCell.xib in Resources */ = {isa = PBXBuildFile; fileRef = EEDB3F83285C477300809892 /* CeldaPokemonTableViewCell.xib */; };
/* End PBXBuildFile section */

/* Begin PBXFileReference section */
		EE376FEA285BE0AA00A77450 /* Pokedex.app */ = {isa = PBXFileReference; explicitFileType = wrapper.application; includeInIndex = 0; path = Pokedex.app; sourceTree = BUILT_PRODUCTS_DIR; };
		EE376FED285BE0AA00A77450 /* AppDelegate.swift */ = {isa = PBXFileReference; lastKnownFileType = sourcecode.swift; path = AppDelegate.swift; sourceTree = "<group>"; };
		EE376FEF285BE0AA00A77450 /* SceneDelegate.swift */ = {isa = PBXFileReference; lastKnownFileType = sourcecode.swift; path = SceneDelegate.swift; sourceTree = "<group>"; };
		EE376FF1285BE0AA00A77450 /* ListaPokemonViewController.swift */ = {isa = PBXFileReference; lastKnownFileType = sourcecode.swift; path = ListaPokemonViewController.swift; sourceTree = "<group>"; };
		EE376FF4285BE0AA00A77450 /* Base */ = {isa = PBXFileReference; lastKnownFileType = file.storyboard; name = Base; path = Base.lproj/Main.storyboard; sourceTree = "<group>"; };
		EE376FF6285BE0B500A77450 /* Assets.xcassets */ = {isa = PBXFileReference; lastKnownFileType = folder.assetcatalog; path = Assets.xcassets; sourceTree = "<group>"; };
		EE376FF9285BE0B500A77450 /* Base */ = {isa = PBXFileReference; lastKnownFileType = file.storyboard; name = Base; path = Base.lproj/LaunchScreen.storyboard; sourceTree = "<group>"; };
		EE376FFB285BE0B500A77450 /* Info.plist */ = {isa = PBXFileReference; lastKnownFileType = text.plist.xml; path = Info.plist; sourceTree = "<group>"; };
		EE377004285C382700A77450 /* PokemonManager.swift */ = {isa = PBXFileReference; lastKnownFileType = sourcecode.swift; path = PokemonManager.swift; sourceTree = "<group>"; };
		EE377007285C38E300A77450 /* DatosPokemon.swift */ = {isa = PBXFileReference; lastKnownFileType = sourcecode.swift; path = DatosPokemon.swift; sourceTree = "<group>"; };
		EE3E896A285D9A8C00DF53A1 /* DetallePokemonViewController.swift */ = {isa = PBXFileReference; lastKnownFileType = sourcecode.swift; path = DetallePokemonViewController.swift; sourceTree = "<group>"; };
		EEDB3F82285C477300809892 /* CeldaPokemonTableViewCell.swift */ = {isa = PBXFileReference; lastKnownFileType = sourcecode.swift; path = CeldaPokemonTableViewCell.swift; sourceTree = "<group>"; };
		EEDB3F83285C477300809892 /* CeldaPokemonTableViewCell.xib */ = {isa = PBXFileReference; lastKnownFileType = file.xib; path = CeldaPokemonTableViewCell.xib; sourceTree = "<group>"; };
/* End PBXFileReference section */

/* Begin PBXFrameworksBuildPhase section */
		EE376FE7285BE0AA00A77450 /* Frameworks */ = {
			isa = PBXFrameworksBuildPhase;
			buildActionMask = 2147483647;
			files = (
			);
			runOnlyForDeploymentPostprocessing = 0;
		};
/* End PBXFrameworksBuildPhase section */

/* Begin PBXGroup section */
		EE376FE1285BE0AA00A77450 = {
			isa = PBXGroup;
			children = (
				EE376FEC285BE0AA00A77450 /* Pokedex */,
				EE376FEB285BE0AA00A77450 /* Products */,
			);
			sourceTree = "<group>";
		};
		EE376FEB285BE0AA00A77450 /* Products */ = {
			isa = PBXGroup;
			children = (
				EE376FEA285BE0AA00A77450 /* Pokedex.app */,
			);
			name = Products;
			sourceTree = "<group>";
		};
		EE376FEC285BE0AA00A77450 /* Pokedex */ = {
			isa = PBXGroup;
			children = (
				EE376FED285BE0AA00A77450 /* AppDelegate.swift */,
				EEDB3F82285C477300809892 /* CeldaPokemonTableViewCell.swift */,
				EEDB3F83285C477300809892 /* CeldaPokemonTableViewCell.xib */,
				EE376FEF285BE0AA00A77450 /* SceneDelegate.swift */,
				EE376FF1285BE0AA00A77450 /* ListaPokemonViewController.swift */,
				EE376FF3285BE0AA00A77450 /* Main.storyboard */,
				EE376FF6285BE0B500A77450 /* Assets.xcassets */,
				EE376FF8285BE0B500A77450 /* LaunchScreen.storyboard */,
				EE376FFB285BE0B500A77450 /* Info.plist */,
				EE377004285C382700A77450 /* PokemonManager.swift */,
				EE377007285C38E300A77450 /* DatosPokemon.swift */,
				EE3E896A285D9A8C00DF53A1 /* DetallePokemonViewController.swift */,
			);
			path = Pokedex;
			sourceTree = "<group>";
		};
/* End PBXGroup section */

/* Begin PBXNativeTarget section */
		EE376FE9285BE0AA00A77450 /* Pokedex */ = {
			isa = PBXNativeTarget;
			buildConfigurationList = EE376FFE285BE0B500A77450 /* Build configuration list for PBXNativeTarget "Pokedex" */;
			buildPhases = (
				EE376FE6285BE0AA00A77450 /* Sources */,
				EE376FE7285BE0AA00A77450 /* Frameworks */,
				EE376FE8285BE0AA00A77450 /* Resources */,
			);
			buildRules = (
			);
			dependencies = (
			);
			name = Pokedex;
			productName = Pokedex;
			productReference = EE376FEA285BE0AA00A77450 /* Pokedex.app */;
			productType = "com.apple.product-type.application";
		};
/* End PBXNativeTarget section */

/* Begin PBXProject section */
		EE376FE2285BE0AA00A77450 /* Project object */ = {
			isa = PBXProject;
			attributes = {
				LastSwiftUpdateCheck = 1240;
				LastUpgradeCheck = 1240;
				TargetAttributes = {
					EE376FE9285BE0AA00A77450 = {
						CreatedOnToolsVersion = 12.4;
					};
				};
			};
			buildConfigurationList = EE376FE5285BE0AA00A77450 /* Build configuration list for PBXProject "Pokedex" */;
			compatibilityVersion = "Xcode 9.3";
			developmentRegion = en;
			hasScannedForEncodings = 0;
			knownRegions = (
				en,
				Base,
			);
			mainGroup = EE376FE1285BE0AA00A77450;
			productRefGroup = EE376FEB285BE0AA00A77450 /* Products */;
			projectDirPath = "";
			projectRoot = "";
			targets = (
				EE376FE9285BE0AA00A77450 /* Pokedex */,
			);
		};
/* End PBXProject section */

/* Begin PBXResourcesBuildPhase section */
		EE376FE8285BE0AA00A77450 /* Resources */ = {
			isa = PBXResourcesBuildPhase;
			buildActionMask = 2147483647;
			files = (
				EE376FFA285BE0B500A77450 /* LaunchScreen.storyboard in Resources */,
				EE376FF7285BE0B500A77450 /* Assets.xcassets in Resources */,
				EE376FF5285BE0AA00A77450 /* Main.storyboard in Resources */,
				EEDB3F85285C477300809892 /* CeldaPokemonTableViewCell.xib in Resources */,
			);
			runOnlyForDeploymentPostprocessing = 0;
		};
/* End PBXResourcesBuildPhase section */

/* Begin PBXSourcesBuildPhase section */
		EE376FE6285BE0AA00A77450 /* Sources */ = {
			isa = PBXSourcesBuildPhase;
			buildActionMask = 2147483647;
			files = (
				EE376FF2285BE0AA00A77450 /* ListaPokemonViewController.swift in Sources */,
				EE376FEE285BE0AA00A77450 /* AppDelegate.swift in Sources */,
				EE377008285C38E300A77450 /* DatosPokemon.swift in Sources */,
				EEDB3F84285C477300809892 /* CeldaPokemonTableViewCell.swift in Sources */,
				EE3E896B285D9A8C00DF53A1 /* DetallePokemonViewController.swift in Sources */,
				EE376FF0285BE0AA00A77450 /* SceneDelegate.swift in Sources */,
				EE377005285C382700A77450 /* PokemonManager.swift in Sources */,
			);
			runOnlyForDeploymentPostprocessing = 0;
		};
/* End PBXSourcesBuildPhase section */

/* Begin PBXVariantGroup section */
		EE376FF3285BE0AA00A77450 /* Main.storyboard */ = {
			isa = PBXVariantGroup;
			children = (
				EE376FF4285BE0AA00A77450 /* Base */,
			);
			name = Main.storyboard;
			sourceTree = "<group>";
		};
		EE376FF8285BE0B500A77450 /* LaunchScreen.storyboard */ = {
			isa = PBXVariantGroup;
			children = (
				EE376FF9285BE0B500A77450 /* Base */,
			);
			name = LaunchScreen.storyboard;
			sourceTree = "<group>";
		};
/* End PBXVariantGroup section */

/* Begin XCBuildConfiguration section */
		EE376FFC285BE0B500A77450 /* Debug */ = {
			isa = XCBuildConfiguration;
			buildSettings = {
				ALWAYS_SEARCH_USER_PATHS = NO;
				CLANG_ANALYZER_NONNULL = YES;
				CLANG_ANALYZER_NUMBER_OBJECT_CONVERSION = YES_AGGRESSIVE;
				CLANG_CXX_LANGUAGE_STANDARD = "gnu++14";
				CLANG_CXX_LIBRARY = "libc++";
				CLANG_ENABLE_MODULES = YES;
				CLANG_ENABLE_OBJC_ARC = YES;
				CLANG_ENABLE_OBJC_WEAK = YES;
				CLANG_WARN_BLOCK_CAPTURE_AUTORELEASING = YES;
				CLANG_WARN_BOOL_CONVERSION = YES;
				CLANG_WARN_COMMA = YES;
				CLANG_WARN_CONSTANT_CONVERSION = YES;
				CLANG_WARN_DEPRECATED_OBJC_IMPLEMENTATIONS = YES;
				CLANG_WARN_DIRECT_OBJC_ISA_USAGE = YES_ERROR;
				CLANG_WARN_DOCUMENTATION_COMMENTS = YES;
				CLANG_WARN_EMPTY_BODY = YES;
				CLANG_WARN_ENUM_CONVERSION = YES;
				CLANG_WARN_INFINITE_RECURSION = YES;
				CLANG_WARN_INT_CONVERSION = YES;
				CLANG_WARN_NON_LITERAL_NULL_CONVERSION = YES;
				CLANG_WARN_OBJC_IMPLICIT_RETAIN_SELF = YES;
				CLANG_WARN_OBJC_LITERAL_CONVERSION = YES;
				CLANG_WARN_OBJC_ROOT_CLASS = YES_ERROR;
				CLANG_WARN_QUOTED_INCLUDE_IN_FRAMEWORK_HEADER = YES;
				CLANG_WARN_RANGE_LOOP_ANALYSIS = YES;
				CLANG_WARN_STRICT_PROTOTYPES = YES;
				CLANG_WARN_SUSPICIOUS_MOVE = YES;
				CLANG_WARN_UNGUARDED_AVAILABILITY = YES_AGGRESSIVE;
				CLANG_WARN_UNREACHABLE_CODE = YES;
				CLANG_WARN__DUPLICATE_METHOD_MATCH = YES;
				COPY_PHASE_STRIP = NO;
				DEBUG_INFORMATION_FORMAT = dwarf;
				ENABLE_STRICT_OBJC_MSGSEND = YES;
				ENABLE_TESTABILITY = YES;
				GCC_C_LANGUAGE_STANDARD = gnu11;
				GCC_DYNAMIC_NO_PIC = NO;
				GCC_NO_COMMON_BLOCKS = YES;
				GCC_OPTIMIZATION_LEVEL = 0;
				GCC_PREPROCESSOR_DEFINITIONS = (
					"DEBUG=1",
					"$(inherited)",
				);
				GCC_WARN_64_TO_32_BIT_CONVERSION = YES;
				GCC_WARN_ABOUT_RETURN_TYPE = YES_ERROR;
				GCC_WARN_UNDECLARED_SELECTOR = YES;
				GCC_WARN_UNINITIALIZED_AUTOS = YES_AGGRESSIVE;
				GCC_WARN_UNUSED_FUNCTION = YES;
				GCC_WARN_UNUSED_VARIABLE = YES;
				IPHONEOS_DEPLOYMENT_TARGET = 14.4;
				MTL_ENABLE_DEBUG_INFO = INCLUDE_SOURCE;
				MTL_FAST_MATH = YES;
				ONLY_ACTIVE_ARCH = YES;
				SDKROOT = iphoneos;
				SWIFT_ACTIVE_COMPILATION_CONDITIONS = DEBUG;
				SWIFT_OPTIMIZATION_LEVEL = "-Onone";
			};
			name = Debug;
		};
		EE376FFD285BE0B500A77450 /* Release */ = {
			isa = XCBuildConfiguration;
			buildSettings = {
				ALWAYS_SEARCH_USER_PATHS = NO;
				CLANG_ANALYZER_NONNULL = YES;
				CLANG_ANALYZER_NUMBER_OBJECT_CONVERSION = YES_AGGRESSIVE;
				CLANG_CXX_LANGUAGE_STANDARD = "gnu++14";
				CLANG_CXX_LIBRARY = "libc++";
				CLANG_ENABLE_MODULES = YES;
				CLANG_ENABLE_OBJC_ARC = YES;
				CLANG_ENABLE_OBJC_WEAK = YES;
				CLANG_WARN_BLOCK_CAPTURE_AUTORELEASING = YES;
				CLANG_WARN_BOOL_CONVERSION = YES;
				CLANG_WARN_COMMA = YES;
				CLANG_WARN_CONSTANT_CONVERSION = YES;
				CLANG_WARN_DEPRECATED_OBJC_IMPLEMENTATIONS = YES;
				CLANG_WARN_DIRECT_OBJC_ISA_USAGE = YES_ERROR;
				CLANG_WARN_DOCUMENTATION_COMMENTS = YES;
				CLANG_WARN_EMPTY_BODY = YES;
				CLANG_WARN_ENUM_CONVERSION = YES;
				CLANG_WARN_INFINITE_RECURSION = YES;
				CLANG_WARN_INT_CONVERSION = YES;
				CLANG_WARN_NON_LITERAL_NULL_CONVERSION = YES;
				CLANG_WARN_OBJC_IMPLICIT_RETAIN_SELF = YES;
				CLANG_WARN_OBJC_LITERAL_CONVERSION = YES;
				CLANG_WARN_OBJC_ROOT_CLASS = YES_ERROR;
				CLANG_WARN_QUOTED_INCLUDE_IN_FRAMEWORK_HEADER = YES;
				CLANG_WARN_RANGE_LOOP_ANALYSIS = YES;
				CLANG_WARN_STRICT_PROTOTYPES = YES;
				CLANG_WARN_SUSPICIOUS_MOVE = YES;
				CLANG_WARN_UNGUARDED_AVAILABILITY = YES_AGGRESSIVE;
				CLANG_WARN_UNREACHABLE_CODE = YES;
				CLANG_WARN__DUPLICATE_METHOD_MATCH = YES;
				COPY_PHASE_STRIP = NO;
				DEBUG_INFORMATION_FORMAT = "dwarf-with-dsym";
				ENABLE_NS_ASSERTIONS = NO;
				ENABLE_STRICT_OBJC_MSGSEND = YES;
				GCC_C_LANGUAGE_STANDARD = gnu11;
				GCC_NO_COMMON_BLOCKS = YES;
				GCC_WARN_64_TO_32_BIT_CONVERSION = YES;
				GCC_WARN_ABOUT_RETURN_TYPE = YES_ERROR;
				GCC_WARN_UNDECLARED_SELECTOR = YES;
				GCC_WARN_UNINITIALIZED_AUTOS = YES_AGGRESSIVE;
				GCC_WARN_UNUSED_FUNCTION = YES;
				GCC_WARN_UNUSED_VARIABLE = YES;
				IPHONEOS_DEPLOYMENT_TARGET = 14.4;
				MTL_ENABLE_DEBUG_INFO = NO;
				MTL_FAST_MATH = YES;
				SDKROOT = iphoneos;
				SWIFT_COMPILATION_MODE = wholemodule;
				SWIFT_OPTIMIZATION_LEVEL = "-O";
				VALIDATE_PRODUCT = YES;
			};
			name = Release;
		};
		EE376FFF285BE0B500A77450 /* Debug */ = {
			isa = XCBuildConfiguration;
			buildSettings = {
				ASSETCATALOG_COMPILER_APPICON_NAME = AppIcon;
				ASSETCATALOG_COMPILER_GLOBAL_ACCENT_COLOR_NAME = AccentColor;
				CODE_SIGN_STYLE = Automatic;
				INFOPLIST_FILE = Pokedex/Info.plist;
				LD_RUNPATH_SEARCH_PATHS = (
					"$(inherited)",
					"@executable_path/Frameworks",
				);
				PRODUCT_BUNDLE_IDENTIFIER = "Ivan-Quintero.Pokedex";
				PRODUCT_NAME = "$(TARGET_NAME)";
				SWIFT_VERSION = 5.0;
				TARGETED_DEVICE_FAMILY = "1,2";
			};
			name = Debug;
		};
		EE377000285BE0B500A77450 /* Release */ = {
			isa = XCBuildConfiguration;
			buildSettings = {
				ASSETCATALOG_COMPILER_APPICON_NAME = AppIcon;
				ASSETCATALOG_COMPILER_GLOBAL_ACCENT_COLOR_NAME = AccentColor;
				CODE_SIGN_STYLE = Automatic;
				INFOPLIST_FILE = Pokedex/Info.plist;
				LD_RUNPATH_SEARCH_PATHS = (
					"$(inherited)",
					"@executable_path/Frameworks",
				);
				PRODUCT_BUNDLE_IDENTIFIER = "Ivan-Quintero.Pokedex";
				PRODUCT_NAME = "$(TARGET_NAME)";
				SWIFT_VERSION = 5.0;
				TARGETED_DEVICE_FAMILY = "1,2";
			};
			name = Release;
		};
/* End XCBuildConfiguration section */

/* Begin XCConfigurationList section */
		EE376FE5285BE0AA00A77450 /* Build configuration list for PBXProject "Pokedex" */ = {
			isa = XCConfigurationList;
			buildConfigurations = (
				EE376FFC285BE0B500A77450 /* Debug */,
				EE376FFD285BE0B500A77450 /* Release */,
			);
			defaultConfigurationIsVisible = 0;
			defaultConfigurationName = Release;
		};
		EE376FFE285BE0B500A77450 /* Build configuration list for PBXNativeTarget "Pokedex" */ = {
			isa = XCConfigurationList;
			buildConfigurations = (
				EE376FFF285BE0B500A77450 /* Debug */,
				EE377000285BE0B500A77450 /* Release */,
			);
			defaultConfigurationIsVisible = 0;
			defaultConfigurationName = Release;
		};
/* End XCConfigurationList section */
	};
	rootObject = EE376FE2285BE0AA00A77450 /* Project object */;
}
